
Microsoft Visual Studio Solution File, Format Version 12.00
# Visual Studio Version 16
VisualStudioVersion = 16.0.30104.148
MinimumVisualStudioVersion = 10.0.40219.1
Project("{FAE04EC0-301F-11D3-BF4B-00C04F79EFBC}") = "Function1", "Function1.csproj", "{25670613-9A44-4906-A7AB-FA082FB8B3AD}"
EndProject
Global
	GlobalSection(SolutionConfigurationPlatforms) = preSolution
		Debug|Any CPU = Debug|Any CPU
		Release|Any CPU = Release|Any CPU
	EndGlobalSection
	GlobalSection(ProjectConfigurationPlatforms) = postSolution
		{25670613-9A44-4906-A7AB-FA082FB8B3AD}.Debug|Any CPU.ActiveCfg = Debug|Any CPU
		{25670613-9A44-4906-A7AB-FA082FB8B3AD}.Debug|Any CPU.Build.0 = Debug|Any CPU
		{25670613-9A44-4906-A7AB-FA082FB8B3AD}.Release|Any CPU.ActiveCfg = Release|Any CPU
		{25670613-9A44-4906-A7AB-FA082FB8B3AD}.Release|Any CPU.Build.0 = Release|Any CPU
	EndGlobalSection
	GlobalSection(SolutionProperties) = preSolution
		HideSolutionNode = FALSE
	EndGlobalSection
	GlobalSection(ExtensibilityGlobals) = postSolution
		SolutionGuid = {4FF5D9CB-141B-426D-B2EC-38EE4A2419E3}
	EndGlobalSection
EndGlobal
